// !$*UTF8*$!
{
	archiveVersion = 1;
	classes = {
	};
	objectVersion = 46;
	objects = {

/* Begin PBXBuildFile section */
		5FDD568619D3B5D4001E9FF3 /* QRcodeViewController.m in Sources */ = {isa = PBXBuildFile; fileRef = 5FDD568519D3B5D4001E9FF3 /* QRcodeViewController.m */; };
		5FDD56C019D60B8C001E9FF3 /* AESCrypt.m in Sources */ = {isa = PBXBuildFile; fileRef = 5FDD56B919D60B8C001E9FF3 /* AESCrypt.m */; };
		5FDD56C119D60B8C001E9FF3 /* NSData+Base64.m in Sources */ = {isa = PBXBuildFile; fileRef = 5FDD56BB19D60B8C001E9FF3 /* NSData+Base64.m */; };
		5FDD56C219D60B8C001E9FF3 /* NSData+CommonCrypto.m in Sources */ = {isa = PBXBuildFile; fileRef = 5FDD56BD19D60B8C001E9FF3 /* NSData+CommonCrypto.m */; };
		5FDD56C319D60B8C001E9FF3 /* NSString+Base64.m in Sources */ = {isa = PBXBuildFile; fileRef = 5FDD56BF19D60B8C001E9FF3 /* NSString+Base64.m */; };
		AA66C0DE19D2711E00237764 /* CoreLocation.framework in Frameworks */ = {isa = PBXBuildFile; fileRef = AA66C0DD19D2711E00237764 /* CoreLocation.framework */; };
		AA68C71619D7BA84003A7F95 /* purchase-menu.png in Resources */ = {isa = PBXBuildFile; fileRef = AA68C71519D7BA84003A7F95 /* purchase-menu.png */; };
		AA68C71819D7BADD003A7F95 /* scan-menu.png in Resources */ = {isa = PBXBuildFile; fileRef = AA68C71719D7BADD003A7F95 /* scan-menu.png */; };
		AA68C71A19D7C134003A7F95 /* news-menu.png in Resources */ = {isa = PBXBuildFile; fileRef = AA68C71919D7C134003A7F95 /* news-menu.png */; };
		DF7F5A4B19CD99D40042F00F /* PurchaseViewController.m in Sources */ = {isa = PBXBuildFile; fileRef = DF7F5A4A19CD99D40042F00F /* PurchaseViewController.m */; };
		DF7F5A4D19CD99FE0042F00F /* Main_iPhone.storyboard in Resources */ = {isa = PBXBuildFile; fileRef = DF7F5A4C19CD99FE0042F00F /* Main_iPhone.storyboard */; };
		DFBBE26319BF7228007F65AD /* Foundation.framework in Frameworks */ = {isa = PBXBuildFile; fileRef = DFBBE26219BF7228007F65AD /* Foundation.framework */; };
		DFBBE26519BF7228007F65AD /* CoreGraphics.framework in Frameworks */ = {isa = PBXBuildFile; fileRef = DFBBE26419BF7228007F65AD /* CoreGraphics.framework */; };
		DFBBE26719BF7228007F65AD /* UIKit.framework in Frameworks */ = {isa = PBXBuildFile; fileRef = DFBBE26619BF7228007F65AD /* UIKit.framework */; };
		DFBBE26D19BF7228007F65AD /* InfoPlist.strings in Resources */ = {isa = PBXBuildFile; fileRef = DFBBE26B19BF7228007F65AD /* InfoPlist.strings */; };
		DFBBE26F19BF7228007F65AD /* main.m in Sources */ = {isa = PBXBuildFile; fileRef = DFBBE26E19BF7228007F65AD /* main.m */; };
		DFBBE27319BF7228007F65AD /* AppDelegate.m in Sources */ = {isa = PBXBuildFile; fileRef = DFBBE27219BF7228007F65AD /* AppDelegate.m */; };
		DFBBE27919BF7228007F65AD /* Main_iPad.storyboard in Resources */ = {isa = PBXBuildFile; fileRef = DFBBE27719BF7228007F65AD /* Main_iPad.storyboard */; };
		DFBBE27C19BF7228007F65AD /* ViewController.m in Sources */ = {isa = PBXBuildFile; fileRef = DFBBE27B19BF7228007F65AD /* ViewController.m */; };
		DFBBE27E19BF7229007F65AD /* Images.xcassets in Resources */ = {isa = PBXBuildFile; fileRef = DFBBE27D19BF7229007F65AD /* Images.xcassets */; };
		DFBBE28519BF7229007F65AD /* XCTest.framework in Frameworks */ = {isa = PBXBuildFile; fileRef = DFBBE28419BF7229007F65AD /* XCTest.framework */; };
		DFBBE28619BF7229007F65AD /* Foundation.framework in Frameworks */ = {isa = PBXBuildFile; fileRef = DFBBE26219BF7228007F65AD /* Foundation.framework */; };
		DFBBE28719BF7229007F65AD /* UIKit.framework in Frameworks */ = {isa = PBXBuildFile; fileRef = DFBBE26619BF7228007F65AD /* UIKit.framework */; };
		DFBBE28F19BF7229007F65AD /* InfoPlist.strings in Resources */ = {isa = PBXBuildFile; fileRef = DFBBE28D19BF7229007F65AD /* InfoPlist.strings */; };
		DFBBE29119BF7229007F65AD /* picothruTests.m in Sources */ = {isa = PBXBuildFile; fileRef = DFBBE29019BF7229007F65AD /* picothruTests.m */; };
		DFBBE29B19BF724B007F65AD /* Podfile in Resources */ = {isa = PBXBuildFile; fileRef = DFBBE29A19BF724B007F65AD /* Podfile */; };
		DFCE221019C056CE00BF4128 /* AVFoundation.framework in Frameworks */ = {isa = PBXBuildFile; fileRef = DFCE220F19C056CE00BF4128 /* AVFoundation.framework */; };
		DFCE221219C06F0700BF4128 /* QuartzCore.framework in Frameworks */ = {isa = PBXBuildFile; fileRef = DFCE221119C06F0700BF4128 /* QuartzCore.framework */; };
		DFCE222819C0D39B00BF4128 /* ListTableViewCell.m in Sources */ = {isa = PBXBuildFile; fileRef = DFCE222619C0D39B00BF4128 /* ListTableViewCell.m */; };
		DFCE222919C0D39B00BF4128 /* ListTableViewCell.xib in Resources */ = {isa = PBXBuildFile; fileRef = DFCE222719C0D39B00BF4128 /* ListTableViewCell.xib */; };
		DFCE224C19C283F700BF4128 /* CardViewController.m in Sources */ = {isa = PBXBuildFile; fileRef = DFCE224B19C283F700BF4128 /* CardViewController.m */; };
		EA0F5B8A4738406C8C238B77 /* libPods.a in Frameworks */ = {isa = PBXBuildFile; fileRef = 5C268A5914B1410D972E7F91 /* libPods.a */; };
/* End PBXBuildFile section */

/* Begin PBXContainerItemProxy section */
		DFBBE28819BF7229007F65AD /* PBXContainerItemProxy */ = {
			isa = PBXContainerItemProxy;
			containerPortal = DFBBE25719BF7228007F65AD /* Project object */;
			proxyType = 1;
			remoteGlobalIDString = DFBBE25E19BF7228007F65AD;
			remoteInfo = picothru;
		};
/* End PBXContainerItemProxy section */

/* Begin PBXFileReference section */
		1408FAA0D6D98031E491A851 /* Pods.release.xcconfig */ = {isa = PBXFileReference; includeInIndex = 1; lastKnownFileType = text.xcconfig; name = Pods.release.xcconfig; path = "Pods/Target Support Files/Pods/Pods.release.xcconfig"; sourceTree = "<group>"; };
		5C268A5914B1410D972E7F91 /* libPods.a */ = {isa = PBXFileReference; explicitFileType = archive.ar; includeInIndex = 0; path = libPods.a; sourceTree = BUILT_PRODUCTS_DIR; };
		5FDD568419D3B5D4001E9FF3 /* QRcodeViewController.h */ = {isa = PBXFileReference; fileEncoding = 4; lastKnownFileType = sourcecode.c.h; path = QRcodeViewController.h; sourceTree = "<group>"; };
		5FDD568519D3B5D4001E9FF3 /* QRcodeViewController.m */ = {isa = PBXFileReference; fileEncoding = 4; lastKnownFileType = sourcecode.c.objc; path = QRcodeViewController.m; sourceTree = "<group>"; };
		5FDD56B819D60B8C001E9FF3 /* AESCrypt.h */ = {isa = PBXFileReference; fileEncoding = 4; lastKnownFileType = sourcecode.c.h; name = AESCrypt.h; path = picothru/lib/AESCrypt.h; sourceTree = "<group>"; };
		5FDD56B919D60B8C001E9FF3 /* AESCrypt.m */ = {isa = PBXFileReference; fileEncoding = 4; lastKnownFileType = sourcecode.c.objc; name = AESCrypt.m; path = picothru/lib/AESCrypt.m; sourceTree = "<group>"; };
		5FDD56BA19D60B8C001E9FF3 /* NSData+Base64.h */ = {isa = PBXFileReference; fileEncoding = 4; lastKnownFileType = sourcecode.c.h; name = "NSData+Base64.h"; path = "picothru/lib/NSData+Base64.h"; sourceTree = "<group>"; };
		5FDD56BB19D60B8C001E9FF3 /* NSData+Base64.m */ = {isa = PBXFileReference; fileEncoding = 4; lastKnownFileType = sourcecode.c.objc; name = "NSData+Base64.m"; path = "picothru/lib/NSData+Base64.m"; sourceTree = "<group>"; };
		5FDD56BC19D60B8C001E9FF3 /* NSData+CommonCrypto.h */ = {isa = PBXFileReference; fileEncoding = 4; lastKnownFileType = sourcecode.c.h; name = "NSData+CommonCrypto.h"; path = "picothru/lib/NSData+CommonCrypto.h"; sourceTree = "<group>"; };
		5FDD56BD19D60B8C001E9FF3 /* NSData+CommonCrypto.m */ = {isa = PBXFileReference; fileEncoding = 4; lastKnownFileType = sourcecode.c.objc; name = "NSData+CommonCrypto.m"; path = "picothru/lib/NSData+CommonCrypto.m"; sourceTree = "<group>"; };
		5FDD56BE19D60B8C001E9FF3 /* NSString+Base64.h */ = {isa = PBXFileReference; fileEncoding = 4; lastKnownFileType = sourcecode.c.h; name = "NSString+Base64.h"; path = "picothru/lib/NSString+Base64.h"; sourceTree = "<group>"; };
		5FDD56BF19D60B8C001E9FF3 /* NSString+Base64.m */ = {isa = PBXFileReference; fileEncoding = 4; lastKnownFileType = sourcecode.c.objc; name = "NSString+Base64.m"; path = "picothru/lib/NSString+Base64.m"; sourceTree = "<group>"; };
		AA66C0DD19D2711E00237764 /* CoreLocation.framework */ = {isa = PBXFileReference; lastKnownFileType = wrapper.framework; name = CoreLocation.framework; path = System/Library/Frameworks/CoreLocation.framework; sourceTree = SDKROOT; };
		AA68C71519D7BA84003A7F95 /* purchase-menu.png */ = {isa = PBXFileReference; lastKnownFileType = image.png; path = "purchase-menu.png"; sourceTree = "<group>"; };
		AA68C71719D7BADD003A7F95 /* scan-menu.png */ = {isa = PBXFileReference; lastKnownFileType = image.png; path = "scan-menu.png"; sourceTree = "<group>"; };
		AA68C71919D7C134003A7F95 /* news-menu.png */ = {isa = PBXFileReference; lastKnownFileType = image.png; path = "news-menu.png"; sourceTree = "<group>"; };
		CCA9CA55A7D579DE32234037 /* Pods.debug.xcconfig */ = {isa = PBXFileReference; includeInIndex = 1; lastKnownFileType = text.xcconfig; name = Pods.debug.xcconfig; path = "Pods/Target Support Files/Pods/Pods.debug.xcconfig"; sourceTree = "<group>"; };
		DF7F5A4919CD99D40042F00F /* PurchaseViewController.h */ = {isa = PBXFileReference; fileEncoding = 4; lastKnownFileType = sourcecode.c.h; path = PurchaseViewController.h; sourceTree = "<group>"; };
		DF7F5A4A19CD99D40042F00F /* PurchaseViewController.m */ = {isa = PBXFileReference; fileEncoding = 4; lastKnownFileType = sourcecode.c.objc; path = PurchaseViewController.m; sourceTree = "<group>"; };
		DF7F5A4C19CD99FE0042F00F /* Main_iPhone.storyboard */ = {isa = PBXFileReference; fileEncoding = 4; lastKnownFileType = file.storyboard; name = Main_iPhone.storyboard; path = Base.lproj/Main_iPhone.storyboard; sourceTree = "<group>"; };
		DFBBE25F19BF7228007F65AD /* picothru.app */ = {isa = PBXFileReference; explicitFileType = wrapper.application; includeInIndex = 0; path = picothru.app; sourceTree = BUILT_PRODUCTS_DIR; };
		DFBBE26219BF7228007F65AD /* Foundation.framework */ = {isa = PBXFileReference; lastKnownFileType = wrapper.framework; name = Foundation.framework; path = System/Library/Frameworks/Foundation.framework; sourceTree = SDKROOT; };
		DFBBE26419BF7228007F65AD /* CoreGraphics.framework */ = {isa = PBXFileReference; lastKnownFileType = wrapper.framework; name = CoreGraphics.framework; path = System/Library/Frameworks/CoreGraphics.framework; sourceTree = SDKROOT; };
		DFBBE26619BF7228007F65AD /* UIKit.framework */ = {isa = PBXFileReference; lastKnownFileType = wrapper.framework; name = UIKit.framework; path = System/Library/Frameworks/UIKit.framework; sourceTree = SDKROOT; };
		DFBBE26A19BF7228007F65AD /* picothru-Info.plist */ = {isa = PBXFileReference; lastKnownFileType = text.plist.xml; path = "picothru-Info.plist"; sourceTree = "<group>"; };
		DFBBE26C19BF7228007F65AD /* en */ = {isa = PBXFileReference; lastKnownFileType = text.plist.strings; name = en; path = en.lproj/InfoPlist.strings; sourceTree = "<group>"; };
		DFBBE26E19BF7228007F65AD /* main.m */ = {isa = PBXFileReference; lastKnownFileType = sourcecode.c.objc; path = main.m; sourceTree = "<group>"; };
		DFBBE27019BF7228007F65AD /* picothru-Prefix.pch */ = {isa = PBXFileReference; lastKnownFileType = sourcecode.c.h; path = "picothru-Prefix.pch"; sourceTree = "<group>"; };
		DFBBE27119BF7228007F65AD /* AppDelegate.h */ = {isa = PBXFileReference; lastKnownFileType = sourcecode.c.h; path = AppDelegate.h; sourceTree = "<group>"; };
		DFBBE27219BF7228007F65AD /* AppDelegate.m */ = {isa = PBXFileReference; lastKnownFileType = sourcecode.c.objc; path = AppDelegate.m; sourceTree = "<group>"; };
		DFBBE27819BF7228007F65AD /* Base */ = {isa = PBXFileReference; lastKnownFileType = file.storyboard; name = Base; path = Base.lproj/Main_iPad.storyboard; sourceTree = "<group>"; };
		DFBBE27A19BF7228007F65AD /* ViewController.h */ = {isa = PBXFileReference; lastKnownFileType = sourcecode.c.h; path = ViewController.h; sourceTree = "<group>"; };
		DFBBE27B19BF7228007F65AD /* ViewController.m */ = {isa = PBXFileReference; lastKnownFileType = sourcecode.c.objc; path = ViewController.m; sourceTree = "<group>"; };
		DFBBE27D19BF7229007F65AD /* Images.xcassets */ = {isa = PBXFileReference; lastKnownFileType = folder.assetcatalog; path = Images.xcassets; sourceTree = "<group>"; };
		DFBBE28319BF7229007F65AD /* picothruTests.xctest */ = {isa = PBXFileReference; explicitFileType = wrapper.cfbundle; includeInIndex = 0; path = picothruTests.xctest; sourceTree = BUILT_PRODUCTS_DIR; };
		DFBBE28419BF7229007F65AD /* XCTest.framework */ = {isa = PBXFileReference; lastKnownFileType = wrapper.framework; name = XCTest.framework; path = Library/Frameworks/XCTest.framework; sourceTree = DEVELOPER_DIR; };
		DFBBE28C19BF7229007F65AD /* picothruTests-Info.plist */ = {isa = PBXFileReference; lastKnownFileType = text.plist.xml; path = "picothruTests-Info.plist"; sourceTree = "<group>"; };
		DFBBE28E19BF7229007F65AD /* en */ = {isa = PBXFileReference; lastKnownFileType = text.plist.strings; name = en; path = en.lproj/InfoPlist.strings; sourceTree = "<group>"; };
		DFBBE29019BF7229007F65AD /* picothruTests.m */ = {isa = PBXFileReference; lastKnownFileType = sourcecode.c.objc; path = picothruTests.m; sourceTree = "<group>"; };
		DFBBE29A19BF724B007F65AD /* Podfile */ = {isa = PBXFileReference; fileEncoding = 4; lastKnownFileType = text; path = Podfile; sourceTree = "<group>"; xcLanguageSpecificationIdentifier = xcode.lang.ruby; };
		DFCE220F19C056CE00BF4128 /* AVFoundation.framework */ = {isa = PBXFileReference; lastKnownFileType = wrapper.framework; name = AVFoundation.framework; path = System/Library/Frameworks/AVFoundation.framework; sourceTree = SDKROOT; };
		DFCE221119C06F0700BF4128 /* QuartzCore.framework */ = {isa = PBXFileReference; lastKnownFileType = wrapper.framework; name = QuartzCore.framework; path = System/Library/Frameworks/QuartzCore.framework; sourceTree = SDKROOT; };
		DFCE222519C0D39B00BF4128 /* ListTableViewCell.h */ = {isa = PBXFileReference; fileEncoding = 4; lastKnownFileType = sourcecode.c.h; path = ListTableViewCell.h; sourceTree = "<group>"; };
		DFCE222619C0D39B00BF4128 /* ListTableViewCell.m */ = {isa = PBXFileReference; fileEncoding = 4; lastKnownFileType = sourcecode.c.objc; path = ListTableViewCell.m; sourceTree = "<group>"; };
		DFCE222719C0D39B00BF4128 /* ListTableViewCell.xib */ = {isa = PBXFileReference; fileEncoding = 4; lastKnownFileType = file.xib; path = ListTableViewCell.xib; sourceTree = "<group>"; };
		DFCE224A19C283F700BF4128 /* CardViewController.h */ = {isa = PBXFileReference; fileEncoding = 4; lastKnownFileType = sourcecode.c.h; path = CardViewController.h; sourceTree = "<group>"; };
		DFCE224B19C283F700BF4128 /* CardViewController.m */ = {isa = PBXFileReference; fileEncoding = 4; lastKnownFileType = sourcecode.c.objc; path = CardViewController.m; sourceTree = "<group>"; };
/* End PBXFileReference section */

/* Begin PBXFrameworksBuildPhase section */
		DFBBE25C19BF7228007F65AD /* Frameworks */ = {
			isa = PBXFrameworksBuildPhase;
			buildActionMask = 2147483647;
			files = (
				AA66C0DE19D2711E00237764 /* CoreLocation.framework in Frameworks */,
				DFCE221219C06F0700BF4128 /* QuartzCore.framework in Frameworks */,
				DFCE221019C056CE00BF4128 /* AVFoundation.framework in Frameworks */,
				DFBBE26519BF7228007F65AD /* CoreGraphics.framework in Frameworks */,
				DFBBE26719BF7228007F65AD /* UIKit.framework in Frameworks */,
				DFBBE26319BF7228007F65AD /* Foundation.framework in Frameworks */,
				EA0F5B8A4738406C8C238B77 /* libPods.a in Frameworks */,
			);
			runOnlyForDeploymentPostprocessing = 0;
		};
		DFBBE28019BF7229007F65AD /* Frameworks */ = {
			isa = PBXFrameworksBuildPhase;
			buildActionMask = 2147483647;
			files = (
				DFBBE28519BF7229007F65AD /* XCTest.framework in Frameworks */,
				DFBBE28719BF7229007F65AD /* UIKit.framework in Frameworks */,
				DFBBE28619BF7229007F65AD /* Foundation.framework in Frameworks */,
			);
			runOnlyForDeploymentPostprocessing = 0;
		};
/* End PBXFrameworksBuildPhase section */

/* Begin PBXGroup section */
		5FDD56B019D60684001E9FF3 /* lib */ = {
			isa = PBXGroup;
			children = (
				5FDD56B819D60B8C001E9FF3 /* AESCrypt.h */,
				5FDD56B919D60B8C001E9FF3 /* AESCrypt.m */,
				5FDD56BA19D60B8C001E9FF3 /* NSData+Base64.h */,
				5FDD56BB19D60B8C001E9FF3 /* NSData+Base64.m */,
				5FDD56BC19D60B8C001E9FF3 /* NSData+CommonCrypto.h */,
				5FDD56BD19D60B8C001E9FF3 /* NSData+CommonCrypto.m */,
				5FDD56BE19D60B8C001E9FF3 /* NSString+Base64.h */,
				5FDD56BF19D60B8C001E9FF3 /* NSString+Base64.m */,
			);
			name = lib;
			path = ..;
			sourceTree = "<group>";
		};
		99996FCBF540DF3D25AC6E80 /* Pods */ = {
			isa = PBXGroup;
			children = (
				CCA9CA55A7D579DE32234037 /* Pods.debug.xcconfig */,
				1408FAA0D6D98031E491A851 /* Pods.release.xcconfig */,
			);
			name = Pods;
			sourceTree = "<group>";
		};
		AA68C71219D7B716003A7F95 /* images */ = {
			isa = PBXGroup;
			children = (
			);
			name = images;
			path = picothru;
			sourceTree = "<group>";
		};
		DFBBE25619BF7228007F65AD = {
			isa = PBXGroup;
			children = (
				DFBBE29A19BF724B007F65AD /* Podfile */,
				AA68C71219D7B716003A7F95 /* images */,
				DFBBE26819BF7228007F65AD /* picothru */,
				DFBBE28A19BF7229007F65AD /* picothruTests */,
				DFBBE26119BF7228007F65AD /* Frameworks */,
				DFBBE26019BF7228007F65AD /* Products */,
				99996FCBF540DF3D25AC6E80 /* Pods */,
			);
			sourceTree = "<group>";
		};
		DFBBE26019BF7228007F65AD /* Products */ = {
			isa = PBXGroup;
			children = (
				DFBBE25F19BF7228007F65AD /* picothru.app */,
				DFBBE28319BF7229007F65AD /* picothruTests.xctest */,
			);
			name = Products;
			sourceTree = "<group>";
		};
		DFBBE26119BF7228007F65AD /* Frameworks */ = {
			isa = PBXGroup;
			children = (
				AA66C0DD19D2711E00237764 /* CoreLocation.framework */,
				DFCE221119C06F0700BF4128 /* QuartzCore.framework */,
				DFCE220F19C056CE00BF4128 /* AVFoundation.framework */,
				DFBBE26219BF7228007F65AD /* Foundation.framework */,
				DFBBE26419BF7228007F65AD /* CoreGraphics.framework */,
				DFBBE26619BF7228007F65AD /* UIKit.framework */,
				DFBBE28419BF7229007F65AD /* XCTest.framework */,
				5C268A5914B1410D972E7F91 /* libPods.a */,
			);
			name = Frameworks;
			sourceTree = "<group>";
		};
		DFBBE26819BF7228007F65AD /* picothru */ = {
			isa = PBXGroup;
			children = (
				5FDD56B019D60684001E9FF3 /* lib */,
				DFCE222719C0D39B00BF4128 /* ListTableViewCell.xib */,
				AA68C71719D7BADD003A7F95 /* scan-menu.png */,
				AA68C71519D7BA84003A7F95 /* purchase-menu.png */,
				AA68C71919D7C134003A7F95 /* news-menu.png */,
				DFBBE27119BF7228007F65AD /* AppDelegate.h */,
				DFBBE27219BF7228007F65AD /* AppDelegate.m */,
				DFBBE27719BF7228007F65AD /* Main_iPad.storyboard */,
				DF7F5A4C19CD99FE0042F00F /* Main_iPhone.storyboard */,
				5FDD568419D3B5D4001E9FF3 /* QRcodeViewController.h */,
				5FDD568519D3B5D4001E9FF3 /* QRcodeViewController.m */,
				DFBBE27A19BF7228007F65AD /* ViewController.h */,
				DFBBE27B19BF7228007F65AD /* ViewController.m */,
				DF7F5A4919CD99D40042F00F /* PurchaseViewController.h */,
				DF7F5A4A19CD99D40042F00F /* PurchaseViewController.m */,
				DFCE222519C0D39B00BF4128 /* ListTableViewCell.h */,
				DFCE222619C0D39B00BF4128 /* ListTableViewCell.m */,
				DFCE224A19C283F700BF4128 /* CardViewController.h */,
				DFCE224B19C283F700BF4128 /* CardViewController.m */,
				DFBBE27D19BF7229007F65AD /* Images.xcassets */,
				DFBBE26919BF7228007F65AD /* Supporting Files */,
			);
			path = picothru;
			sourceTree = "<group>";
		};
		DFBBE26919BF7228007F65AD /* Supporting Files */ = {
			isa = PBXGroup;
			children = (
				DFBBE26A19BF7228007F65AD /* picothru-Info.plist */,
				DFBBE26B19BF7228007F65AD /* InfoPlist.strings */,
				DFBBE26E19BF7228007F65AD /* main.m */,
				DFBBE27019BF7228007F65AD /* picothru-Prefix.pch */,
			);
			name = "Supporting Files";
			sourceTree = "<group>";
		};
		DFBBE28A19BF7229007F65AD /* picothruTests */ = {
			isa = PBXGroup;
			children = (
				DFBBE29019BF7229007F65AD /* picothruTests.m */,
				DFBBE28B19BF7229007F65AD /* Supporting Files */,
			);
			path = picothruTests;
			sourceTree = "<group>";
		};
		DFBBE28B19BF7229007F65AD /* Supporting Files */ = {
			isa = PBXGroup;
			children = (
				DFBBE28C19BF7229007F65AD /* picothruTests-Info.plist */,
				DFBBE28D19BF7229007F65AD /* InfoPlist.strings */,
			);
			name = "Supporting Files";
			sourceTree = "<group>";
		};
/* End PBXGroup section */

/* Begin PBXNativeTarget section */
		DFBBE25E19BF7228007F65AD /* picothru */ = {
			isa = PBXNativeTarget;
			buildConfigurationList = DFBBE29419BF7229007F65AD /* Build configuration list for PBXNativeTarget "picothru" */;
			buildPhases = (
				B701EA94037B46DCA2398907 /* Check Pods Manifest.lock */,
				DFBBE25B19BF7228007F65AD /* Sources */,
				DFBBE25C19BF7228007F65AD /* Frameworks */,
				DFBBE25D19BF7228007F65AD /* Resources */,
				61247B27E3594BA09EFB3403 /* Copy Pods Resources */,
			);
			buildRules = (
			);
			dependencies = (
			);
			name = picothru;
			productName = picothru;
			productReference = DFBBE25F19BF7228007F65AD /* picothru.app */;
			productType = "com.apple.product-type.application";
		};
		DFBBE28219BF7229007F65AD /* picothruTests */ = {
			isa = PBXNativeTarget;
			buildConfigurationList = DFBBE29719BF7229007F65AD /* Build configuration list for PBXNativeTarget "picothruTests" */;
			buildPhases = (
				DFBBE27F19BF7229007F65AD /* Sources */,
				DFBBE28019BF7229007F65AD /* Frameworks */,
				DFBBE28119BF7229007F65AD /* Resources */,
			);
			buildRules = (
			);
			dependencies = (
				DFBBE28919BF7229007F65AD /* PBXTargetDependency */,
			);
			name = picothruTests;
			productName = picothruTests;
			productReference = DFBBE28319BF7229007F65AD /* picothruTests.xctest */;
			productType = "com.apple.product-type.bundle.unit-test";
		};
/* End PBXNativeTarget section */

/* Begin PBXProject section */
		DFBBE25719BF7228007F65AD /* Project object */ = {
			isa = PBXProject;
			attributes = {
				LastUpgradeCheck = 0510;
				ORGANIZATIONNAME = Masaru;
				TargetAttributes = {
					DFBBE25E19BF7228007F65AD = {
						DevelopmentTeam = GTK63E6JGW;
						SystemCapabilities = {
							com.apple.BackgroundModes = {
								enabled = 1;
							};
						};
					};
					DFBBE28219BF7229007F65AD = {
						TestTargetID = DFBBE25E19BF7228007F65AD;
					};
				};
			};
			buildConfigurationList = DFBBE25A19BF7228007F65AD /* Build configuration list for PBXProject "picothru" */;
			compatibilityVersion = "Xcode 3.2";
			developmentRegion = English;
			hasScannedForEncodings = 0;
			knownRegions = (
				en,
				Base,
			);
			mainGroup = DFBBE25619BF7228007F65AD;
			productRefGroup = DFBBE26019BF7228007F65AD /* Products */;
			projectDirPath = "";
			projectRoot = "";
			targets = (
				DFBBE25E19BF7228007F65AD /* picothru */,
				DFBBE28219BF7229007F65AD /* picothruTests */,
			);
		};
/* End PBXProject section */

/* Begin PBXResourcesBuildPhase section */
		DFBBE25D19BF7228007F65AD /* Resources */ = {
			isa = PBXResourcesBuildPhase;
			buildActionMask = 2147483647;
			files = (
				DFBBE29B19BF724B007F65AD /* Podfile in Resources */,
				AA68C71A19D7C134003A7F95 /* news-menu.png in Resources */,
				DFCE222919C0D39B00BF4128 /* ListTableViewCell.xib in Resources */,
				DF7F5A4D19CD99FE0042F00F /* Main_iPhone.storyboard in Resources */,
				DFBBE27919BF7228007F65AD /* Main_iPad.storyboard in Resources */,
				DFBBE27E19BF7229007F65AD /* Images.xcassets in Resources */,
				AA68C71619D7BA84003A7F95 /* purchase-menu.png in Resources */,
				AA68C71819D7BADD003A7F95 /* scan-menu.png in Resources */,
				DFBBE26D19BF7228007F65AD /* InfoPlist.strings in Resources */,
			);
			runOnlyForDeploymentPostprocessing = 0;
		};
		DFBBE28119BF7229007F65AD /* Resources */ = {
			isa = PBXResourcesBuildPhase;
			buildActionMask = 2147483647;
			files = (
				DFBBE28F19BF7229007F65AD /* InfoPlist.strings in Resources */,
			);
			runOnlyForDeploymentPostprocessing = 0;
		};
/* End PBXResourcesBuildPhase section */

/* Begin PBXShellScriptBuildPhase section */
		61247B27E3594BA09EFB3403 /* Copy Pods Resources */ = {
			isa = PBXShellScriptBuildPhase;
			buildActionMask = 2147483647;
			files = (
			);
			inputPaths = (
			);
			name = "Copy Pods Resources";
			outputPaths = (
			);
			runOnlyForDeploymentPostprocessing = 0;
			shellPath = /bin/sh;
			shellScript = "\"${SRCROOT}/Pods/Target Support Files/Pods/Pods-resources.sh\"\n";
			showEnvVarsInLog = 0;
		};
		B701EA94037B46DCA2398907 /* Check Pods Manifest.lock */ = {
			isa = PBXShellScriptBuildPhase;
			buildActionMask = 2147483647;
			files = (
			);
			inputPaths = (
			);
			name = "Check Pods Manifest.lock";
			outputPaths = (
			);
			runOnlyForDeploymentPostprocessing = 0;
			shellPath = /bin/sh;
			shellScript = "diff \"${PODS_ROOT}/../Podfile.lock\" \"${PODS_ROOT}/Manifest.lock\" > /dev/null\nif [[ $? != 0 ]] ; then\n    cat << EOM\nerror: The sandbox is not in sync with the Podfile.lock. Run 'pod install' or update your CocoaPods installation.\nEOM\n    exit 1\nfi\n";
			showEnvVarsInLog = 0;
		};
/* End PBXShellScriptBuildPhase section */

/* Begin PBXSourcesBuildPhase section */
		DFBBE25B19BF7228007F65AD /* Sources */ = {
			isa = PBXSourcesBuildPhase;
			buildActionMask = 2147483647;
			files = (
				5FDD56C019D60B8C001E9FF3 /* AESCrypt.m in Sources */,
				DFCE224C19C283F700BF4128 /* CardViewController.m in Sources */,
				5FDD56C219D60B8C001E9FF3 /* NSData+CommonCrypto.m in Sources */,
				DFBBE27C19BF7228007F65AD /* ViewController.m in Sources */,
				DFBBE27319BF7228007F65AD /* AppDelegate.m in Sources */,
				5FDD568619D3B5D4001E9FF3 /* QRcodeViewController.m in Sources */,
				5FDD56C319D60B8C001E9FF3 /* NSString+Base64.m in Sources */,
				DF7F5A4B19CD99D40042F00F /* PurchaseViewController.m in Sources */,
				DFCE222819C0D39B00BF4128 /* ListTableViewCell.m in Sources */,
				DFBBE26F19BF7228007F65AD /* main.m in Sources */,
				5FDD56C119D60B8C001E9FF3 /* NSData+Base64.m in Sources */,
			);
			runOnlyForDeploymentPostprocessing = 0;
		};
		DFBBE27F19BF7229007F65AD /* Sources */ = {
			isa = PBXSourcesBuildPhase;
			buildActionMask = 2147483647;
			files = (
				DFBBE29119BF7229007F65AD /* picothruTests.m in Sources */,
			);
			runOnlyForDeploymentPostprocessing = 0;
		};
/* End PBXSourcesBuildPhase section */

/* Begin PBXTargetDependency section */
		DFBBE28919BF7229007F65AD /* PBXTargetDependency */ = {
			isa = PBXTargetDependency;
			target = DFBBE25E19BF7228007F65AD /* picothru */;
			targetProxy = DFBBE28819BF7229007F65AD /* PBXContainerItemProxy */;
		};
/* End PBXTargetDependency section */

/* Begin PBXVariantGroup section */
		DFBBE26B19BF7228007F65AD /* InfoPlist.strings */ = {
			isa = PBXVariantGroup;
			children = (
				DFBBE26C19BF7228007F65AD /* en */,
			);
			name = InfoPlist.strings;
			sourceTree = "<group>";
		};
		DFBBE27719BF7228007F65AD /* Main_iPad.storyboard */ = {
			isa = PBXVariantGroup;
			children = (
				DFBBE27819BF7228007F65AD /* Base */,
			);
			name = Main_iPad.storyboard;
			sourceTree = "<group>";
		};
		DFBBE28D19BF7229007F65AD /* InfoPlist.strings */ = {
			isa = PBXVariantGroup;
			children = (
				DFBBE28E19BF7229007F65AD /* en */,
			);
			name = InfoPlist.strings;
			sourceTree = "<group>";
		};
/* End PBXVariantGroup section */

/* Begin XCBuildConfiguration section */
		DFBBE29219BF7229007F65AD /* Debug */ = {
			isa = XCBuildConfiguration;
			buildSettings = {
				ALWAYS_SEARCH_USER_PATHS = NO;
				CLANG_CXX_LANGUAGE_STANDARD = "gnu++0x";
				CLANG_CXX_LIBRARY = "libc++";
				CLANG_ENABLE_MODULES = YES;
				CLANG_ENABLE_OBJC_ARC = YES;
				CLANG_WARN_BOOL_CONVERSION = YES;
				CLANG_WARN_CONSTANT_CONVERSION = YES;
				CLANG_WARN_DIRECT_OBJC_ISA_USAGE = YES_ERROR;
				CLANG_WARN_EMPTY_BODY = YES;
				CLANG_WARN_ENUM_CONVERSION = YES;
				CLANG_WARN_INT_CONVERSION = YES;
				CLANG_WARN_OBJC_ROOT_CLASS = YES_ERROR;
				CLANG_WARN__DUPLICATE_METHOD_MATCH = YES;
				"CODE_SIGN_IDENTITY[sdk=iphoneos*]" = "iPhone Developer";
				COPY_PHASE_STRIP = NO;
				GCC_C_LANGUAGE_STANDARD = gnu99;
				GCC_DYNAMIC_NO_PIC = NO;
				GCC_OPTIMIZATION_LEVEL = 0;
				GCC_PREPROCESSOR_DEFINITIONS = (
					"DEBUG=1",
					"$(inherited)",
				);
				GCC_SYMBOLS_PRIVATE_EXTERN = NO;
				GCC_WARN_64_TO_32_BIT_CONVERSION = YES;
				GCC_WARN_ABOUT_RETURN_TYPE = YES_ERROR;
				GCC_WARN_UNDECLARED_SELECTOR = YES;
				GCC_WARN_UNINITIALIZED_AUTOS = YES_AGGRESSIVE;
				GCC_WARN_UNUSED_FUNCTION = YES;
				GCC_WARN_UNUSED_VARIABLE = YES;
				IPHONEOS_DEPLOYMENT_TARGET = 7.1;
				ONLY_ACTIVE_ARCH = YES;
				SDKROOT = iphoneos;
				TARGETED_DEVICE_FAMILY = "1,2";
			};
			name = Debug;
		};
		DFBBE29319BF7229007F65AD /* Release */ = {
			isa = XCBuildConfiguration;
			buildSettings = {
				ALWAYS_SEARCH_USER_PATHS = NO;
				CLANG_CXX_LANGUAGE_STANDARD = "gnu++0x";
				CLANG_CXX_LIBRARY = "libc++";
				CLANG_ENABLE_MODULES = YES;
				CLANG_ENABLE_OBJC_ARC = YES;
				CLANG_WARN_BOOL_CONVERSION = YES;
				CLANG_WARN_CONSTANT_CONVERSION = YES;
				CLANG_WARN_DIRECT_OBJC_ISA_USAGE = YES_ERROR;
				CLANG_WARN_EMPTY_BODY = YES;
				CLANG_WARN_ENUM_CONVERSION = YES;
				CLANG_WARN_INT_CONVERSION = YES;
				CLANG_WARN_OBJC_ROOT_CLASS = YES_ERROR;
				CLANG_WARN__DUPLICATE_METHOD_MATCH = YES;
				"CODE_SIGN_IDENTITY[sdk=iphoneos*]" = "iPhone Developer";
				COPY_PHASE_STRIP = YES;
				ENABLE_NS_ASSERTIONS = NO;
				GCC_C_LANGUAGE_STANDARD = gnu99;
				GCC_WARN_64_TO_32_BIT_CONVERSION = YES;
				GCC_WARN_ABOUT_RETURN_TYPE = YES_ERROR;
				GCC_WARN_UNDECLARED_SELECTOR = YES;
				GCC_WARN_UNINITIALIZED_AUTOS = YES_AGGRESSIVE;
				GCC_WARN_UNUSED_FUNCTION = YES;
				GCC_WARN_UNUSED_VARIABLE = YES;
				IPHONEOS_DEPLOYMENT_TARGET = 7.1;
				SDKROOT = iphoneos;
				TARGETED_DEVICE_FAMILY = "1,2";
				VALIDATE_PRODUCT = YES;
			};
			name = Release;
		};
		DFBBE29519BF7229007F65AD /* Debug */ = {
			isa = XCBuildConfiguration;
			baseConfigurationReference = CCA9CA55A7D579DE32234037 /* Pods.debug.xcconfig */;
			buildSettings = {
				ASSETCATALOG_COMPILER_APPICON_NAME = AppIcon;
				ASSETCATALOG_COMPILER_LAUNCHIMAGE_NAME = LaunchImage;
				CODE_SIGN_IDENTITY = "iPhone Developer";
				"CODE_SIGN_IDENTITY[sdk=iphoneos*]" = "iPhone Developer";
				GCC_PRECOMPILE_PREFIX_HEADER = YES;
				GCC_PREFIX_HEADER = "picothru/picothru-Prefix.pch";
				INFOPLIST_FILE = "picothru/picothru-Info.plist";
				PRODUCT_NAME = "$(TARGET_NAME)";
				PROVISIONING_PROFILE = "";
				WRAPPER_EXTENSION = app;
			};
			name = Debug;
		};
		DFBBE29619BF7229007F65AD /* Release */ = {
			isa = XCBuildConfiguration;
			baseConfigurationReference = 1408FAA0D6D98031E491A851 /* Pods.release.xcconfig */;
			buildSettings = {
				ASSETCATALOG_COMPILER_APPICON_NAME = AppIcon;
				ASSETCATALOG_COMPILER_LAUNCHIMAGE_NAME = LaunchImage;
				CODE_SIGN_IDENTITY = "iPhone Developer";
				"CODE_SIGN_IDENTITY[sdk=iphoneos*]" = "iPhone Developer";
				GCC_PRECOMPILE_PREFIX_HEADER = YES;
				GCC_PREFIX_HEADER = "picothru/picothru-Prefix.pch";
				INFOPLIST_FILE = "picothru/picothru-Info.plist";
				PRODUCT_NAME = "$(TARGET_NAME)";
				PROVISIONING_PROFILE = "";
				WRAPPER_EXTENSION = app;
			};
			name = Release;
		};
		DFBBE29819BF7229007F65AD /* Debug */ = {
			isa = XCBuildConfiguration;
			buildSettings = {
				BUNDLE_LOADER = "$(BUILT_PRODUCTS_DIR)/picothru.app/picothru";
				FRAMEWORK_SEARCH_PATHS = (
					"$(SDKROOT)/Developer/Library/Frameworks",
					"$(inherited)",
					"$(DEVELOPER_FRAMEWORKS_DIR)",
				);
				GCC_PRECOMPILE_PREFIX_HEADER = YES;
				GCC_PREFIX_HEADER = "picothru/picothru-Prefix.pch";
				GCC_PREPROCESSOR_DEFINITIONS = (
					"DEBUG=1",
					"$(inherited)",
				);
				INFOPLIST_FILE = "picothruTests/picothruTests-Info.plist";
				PRODUCT_NAME = "$(TARGET_NAME)";
				TEST_HOST = "$(BUNDLE_LOADER)";
				WRAPPER_EXTENSION = xctest;
			};
			name = Debug;
		};
		DFBBE29919BF7229007F65AD /* Release */ = {
			isa = XCBuildConfiguration;
			buildSettings = {
				BUNDLE_LOADER = "$(BUILT_PRODUCTS_DIR)/picothru.app/picothru";
				FRAMEWORK_SEARCH_PATHS = (
					"$(SDKROOT)/Developer/Library/Frameworks",
					"$(inherited)",
					"$(DEVELOPER_FRAMEWORKS_DIR)",
				);
				GCC_PRECOMPILE_PREFIX_HEADER = YES;
				GCC_PREFIX_HEADER = "picothru/picothru-Prefix.pch";
				INFOPLIST_FILE = "picothruTests/picothruTests-Info.plist";
				PRODUCT_NAME = "$(TARGET_NAME)";
				TEST_HOST = "$(BUNDLE_LOADER)";
				WRAPPER_EXTENSION = xctest;
			};
			name = Release;
		};
/* End XCBuildConfiguration section */

/* Begin XCConfigurationList section */
		DFBBE25A19BF7228007F65AD /* Build configuration list for PBXProject "picothru" */ = {
			isa = XCConfigurationList;
			buildConfigurations = (
				DFBBE29219BF7229007F65AD /* Debug */,
				DFBBE29319BF7229007F65AD /* Release */,
			);
			defaultConfigurationIsVisible = 0;
			defaultConfigurationName = Release;
		};
		DFBBE29419BF7229007F65AD /* Build configuration list for PBXNativeTarget "picothru" */ = {
			isa = XCConfigurationList;
			buildConfigurations = (
				DFBBE29519BF7229007F65AD /* Debug */,
				DFBBE29619BF7229007F65AD /* Release */,
			);
			defaultConfigurationIsVisible = 0;
			defaultConfigurationName = Release;
		};
		DFBBE29719BF7229007F65AD /* Build configuration list for PBXNativeTarget "picothruTests" */ = {
			isa = XCConfigurationList;
			buildConfigurations = (
				DFBBE29819BF7229007F65AD /* Debug */,
				DFBBE29919BF7229007F65AD /* Release */,
			);
			defaultConfigurationIsVisible = 0;
			defaultConfigurationName = Release;
		};
/* End XCConfigurationList section */
	};
	rootObject = DFBBE25719BF7228007F65AD /* Project object */;
}
